
Microsoft Visual Studio Solution File, Format Version 12.00
# Visual Studio Version 17
VisualStudioVersion = 17.7.34024.191
MinimumVisualStudioVersion = 10.0.40219.1
Project("{2150E333-8FDC-42A3-9474-1A3956D46DE8}") = "src", "src", "{5E1ECEAF-8B42-4B67-A33D-4E7BC81ABBDB}"
EndProject
Project("{2150E333-8FDC-42A3-9474-1A3956D46DE8}") = "tests", "tests", "{6D721229-2B7A-433B-AC43-F8509F7C6C8E}"
EndProject
Project("{2150E333-8FDC-42A3-9474-1A3956D46DE8}") = ".net", ".net", "{3F646833-72BD-4FD8-BB25-4EAB9B4A3D86}"
EndProject
Project("{2150E333-8FDC-42A3-9474-1A3956D46DE8}") = "resources", "resources", "{96B8FFF4-D9EF-467F-955D-2B8D2E2E0CE3}"
EndProject
Project("{2150E333-8FDC-42A3-9474-1A3956D46DE8}") = "assets", "assets", "{071F8B7F-C5FE-47BF-8FAE-17E5F3FED09A}"
EndProject
Project("{2150E333-8FDC-42A3-9474-1A3956D46DE8}") = "lang", "lang", "{14A4396D-0803-43A4-B4AF-BF77BF156A09}"
EndProject
Project("{2150E333-8FDC-42A3-9474-1A3956D46DE8}") = "images", "images", "{D5B09A66-CA4B-4FB7-8668-3DC9E2624A04}"
EndProject
Project("{2150E333-8FDC-42A3-9474-1A3956D46DE8}") = "music", "music", "{FA2AC1B8-59D1-4107-8CEF-9C2233CF49DB}"
EndProject
Project("{2150E333-8FDC-42A3-9474-1A3956D46DE8}") = "soundeffects", "soundeffects", "{5F368793-E40A-4456-924A-CF4D7F66492D}"
EndProject
Project("{2150E333-8FDC-42A3-9474-1A3956D46DE8}") = "communication", "communication", "{C18842C8-4D4C-4A35-A262-92EB54512097}"
EndProject
Project("{2150E333-8FDC-42A3-9474-1A3956D46DE8}") = "dataaccess", "dataaccess", "{40380C7E-7714-4CFC-90C5-DEB9316271F9}"
EndProject
Project("{2150E333-8FDC-42A3-9474-1A3956D46DE8}") = "gui", "gui", "{FE64BE82-E02F-4B5C-B515-E3713251D66A}"
EndProject
Project("{2150E333-8FDC-42A3-9474-1A3956D46DE8}") = "logic", "logic", "{D4B63FC5-C018-4AAA-915A-77FB09B4ECD3}"
EndProject
Project("{FAE04EC0-301F-11D3-BF4B-00C04F79EFBC}") = "Contracts", "Contracts\Contracts.csproj", "{747B4BEF-4D50-4DB9-8964-70C18B801332}"
EndProject
Project("{FAE04EC0-301F-11D3-BF4B-00C04F79EFBC}") = "Client", "Client\Client.csproj", "{4A697A58-66C5-46CE-B66B-61CD4EB6CD7D}"
EndProject
Project("{FAE04EC0-301F-11D3-BF4B-00C04F79EFBC}") = "Server", "Server\Server.csproj", "{B600A9D9-D9DA-423C-A9CC-4826EA8778DD}"
EndProject
Global
	GlobalSection(SolutionConfigurationPlatforms) = preSolution
		Debug|Any CPU = Debug|Any CPU
		Release|Any CPU = Release|Any CPU
	EndGlobalSection
	GlobalSection(ProjectConfigurationPlatforms) = postSolution
		{747B4BEF-4D50-4DB9-8964-70C18B801332}.Debug|Any CPU.ActiveCfg = Debug|Any CPU
		{747B4BEF-4D50-4DB9-8964-70C18B801332}.Release|Any CPU.ActiveCfg = Release|Any CPU
		{747B4BEF-4D50-4DB9-8964-70C18B801332}.Release|Any CPU.Build.0 = Release|Any CPU
		{4A697A58-66C5-46CE-B66B-61CD4EB6CD7D}.Debug|Any CPU.ActiveCfg = Debug|Any CPU
		{4A697A58-66C5-46CE-B66B-61CD4EB6CD7D}.Debug|Any CPU.Build.0 = Debug|Any CPU
		{4A697A58-66C5-46CE-B66B-61CD4EB6CD7D}.Release|Any CPU.ActiveCfg = Release|Any CPU
		{4A697A58-66C5-46CE-B66B-61CD4EB6CD7D}.Release|Any CPU.Build.0 = Release|Any CPU
		{B600A9D9-D9DA-423C-A9CC-4826EA8778DD}.Debug|Any CPU.ActiveCfg = Debug|Any CPU
		{B600A9D9-D9DA-423C-A9CC-4826EA8778DD}.Debug|Any CPU.Build.0 = Debug|Any CPU
		{B600A9D9-D9DA-423C-A9CC-4826EA8778DD}.Release|Any CPU.ActiveCfg = Release|Any CPU
		{B600A9D9-D9DA-423C-A9CC-4826EA8778DD}.Release|Any CPU.Build.0 = Release|Any CPU
	EndGlobalSection
	GlobalSection(SolutionProperties) = preSolution
		HideSolutionNode = FALSE
	EndGlobalSection
	GlobalSection(NestedProjects) = preSolution
		{3F646833-72BD-4FD8-BB25-4EAB9B4A3D86} = {5E1ECEAF-8B42-4B67-A33D-4E7BC81ABBDB}
		{96B8FFF4-D9EF-467F-955D-2B8D2E2E0CE3} = {5E1ECEAF-8B42-4B67-A33D-4E7BC81ABBDB}
		{071F8B7F-C5FE-47BF-8FAE-17E5F3FED09A} = {96B8FFF4-D9EF-467F-955D-2B8D2E2E0CE3}
		{14A4396D-0803-43A4-B4AF-BF77BF156A09} = {96B8FFF4-D9EF-467F-955D-2B8D2E2E0CE3}
		{D5B09A66-CA4B-4FB7-8668-3DC9E2624A04} = {071F8B7F-C5FE-47BF-8FAE-17E5F3FED09A}
		{FA2AC1B8-59D1-4107-8CEF-9C2233CF49DB} = {071F8B7F-C5FE-47BF-8FAE-17E5F3FED09A}
		{5F368793-E40A-4456-924A-CF4D7F66492D} = {071F8B7F-C5FE-47BF-8FAE-17E5F3FED09A}
		{C18842C8-4D4C-4A35-A262-92EB54512097} = {3F646833-72BD-4FD8-BB25-4EAB9B4A3D86}
		{40380C7E-7714-4CFC-90C5-DEB9316271F9} = {3F646833-72BD-4FD8-BB25-4EAB9B4A3D86}
		{FE64BE82-E02F-4B5C-B515-E3713251D66A} = {3F646833-72BD-4FD8-BB25-4EAB9B4A3D86}
		{D4B63FC5-C018-4AAA-915A-77FB09B4ECD3} = {3F646833-72BD-4FD8-BB25-4EAB9B4A3D86}
		{747B4BEF-4D50-4DB9-8964-70C18B801332} = {C18842C8-4D4C-4A35-A262-92EB54512097}
		{4A697A58-66C5-46CE-B66B-61CD4EB6CD7D} = {C18842C8-4D4C-4A35-A262-92EB54512097}
		{B600A9D9-D9DA-423C-A9CC-4826EA8778DD} = {C18842C8-4D4C-4A35-A262-92EB54512097}
	EndGlobalSection
	GlobalSection(ExtensibilityGlobals) = postSolution
		SolutionGuid = {4F90CAB1-FE91-4CD4-B66E-D3A9E2F50AFD}
	EndGlobalSection
EndGlobal
