
Microsoft Visual Studio Solution File, Format Version 12.00
# Visual Studio Version 17
VisualStudioVersion = 17.7.34024.191
MinimumVisualStudioVersion = 10.0.40219.1
Project("{2150E333-8FDC-42A3-9474-1A3956D46DE8}") = "src", "src", "{5E1ECEAF-8B42-4B67-A33D-4E7BC81ABBDB}"
EndProject
Project("{2150E333-8FDC-42A3-9474-1A3956D46DE8}") = "tests", "tests", "{6D721229-2B7A-433B-AC43-F8509F7C6C8E}"
EndProject
Project("{2150E333-8FDC-42A3-9474-1A3956D46DE8}") = ".net", ".net", "{3F646833-72BD-4FD8-BB25-4EAB9B4A3D86}"
EndProject
Project("{2150E333-8FDC-42A3-9474-1A3956D46DE8}") = "resources", "resources", "{96B8FFF4-D9EF-467F-955D-2B8D2E2E0CE3}"
EndProject
Project("{2150E333-8FDC-42A3-9474-1A3956D46DE8}") = "assets", "assets", "{071F8B7F-C5FE-47BF-8FAE-17E5F3FED09A}"
EndProject
Project("{2150E333-8FDC-42A3-9474-1A3956D46DE8}") = "images", "images", "{D5B09A66-CA4B-4FB7-8668-3DC9E2624A04}"
EndProject
Project("{2150E333-8FDC-42A3-9474-1A3956D46DE8}") = "music", "music", "{FA2AC1B8-59D1-4107-8CEF-9C2233CF49DB}"
EndProject
Project("{2150E333-8FDC-42A3-9474-1A3956D46DE8}") = "soundeffects", "soundeffects", "{5F368793-E40A-4456-924A-CF4D7F66492D}"
EndProject
Project("{2150E333-8FDC-42A3-9474-1A3956D46DE8}") = "communication", "communication", "{C18842C8-4D4C-4A35-A262-92EB54512097}"
EndProject
Project("{2150E333-8FDC-42A3-9474-1A3956D46DE8}") = "dataaccess", "dataaccess", "{40380C7E-7714-4CFC-90C5-DEB9316271F9}"
EndProject
Project("{2150E333-8FDC-42A3-9474-1A3956D46DE8}") = "gui", "gui", "{FE64BE82-E02F-4B5C-B515-E3713251D66A}"
EndProject
Project("{2150E333-8FDC-42A3-9474-1A3956D46DE8}") = "logic", "logic", "{D4B63FC5-C018-4AAA-915A-77FB09B4ECD3}"
EndProject
Project("{FAE04EC0-301F-11D3-BF4B-00C04F79EFBC}") = "Client", "Client\Client.csproj", "{4A697A58-66C5-46CE-B66B-61CD4EB6CD7D}"
EndProject
Project("{FAE04EC0-301F-11D3-BF4B-00C04F79EFBC}") = "Server", "Server\Server.csproj", "{B600A9D9-D9DA-423C-A9CC-4826EA8778DD}"
EndProject
Project("{FAE04EC0-301F-11D3-BF4B-00C04F79EFBC}") = "domain", "domain\domain.csproj", "{1F083135-139B-42BA-91E9-B8D96CFD7D3E}"
EndProject
Project("{FAE04EC0-301F-11D3-BF4B-00C04F79EFBC}") = "lang", "lang\lang.csproj", "{F507E433-922C-4D65-9C98-7870D0EACA31}"
EndProject
Project("{FAE04EC0-301F-11D3-BF4B-00C04F79EFBC}") = "enums", "enums\enums.csproj", "{7D71CAB5-9BDD-4657-B6D8-D50FD905E9E9}"
EndProject
Project("{FAE04EC0-301F-11D3-BF4B-00C04F79EFBC}") = "DatabaseManager", "DatabaseManager\DatabaseManager.csproj", "{6CA6F835-3B75-4B52-B94B-43375BF02650}"
EndProject
Project("{FAE04EC0-301F-11D3-BF4B-00C04F79EFBC}") = "Services", "Services\Services.csproj", "{7FEB9DD4-90FD-4A41-885A-CA79E2DDD451}"
EndProject
Project("{FAE04EC0-301F-11D3-BF4B-00C04F79EFBC}") = "ConsoleApp1", "ConsoleApp1\ConsoleApp1.csproj", "{EA18D99A-0CFF-44B9-B335-6309A1764611}"
	ProjectSection(ProjectDependencies) = postProject
		{7FEB9DD4-90FD-4A41-885A-CA79E2DDD451} = {7FEB9DD4-90FD-4A41-885A-CA79E2DDD451}
	EndProjectSection
EndProject
Project("{FAE04EC0-301F-11D3-BF4B-00C04F79EFBC}") = "WcfService1", "WcfService1\WcfService1.csproj", "{7049074A-8D83-45D5-B5C3-FEDF7B219D34}"
EndProject
Global
	GlobalSection(SolutionConfigurationPlatforms) = preSolution
		Debug|Any CPU = Debug|Any CPU
		Release|Any CPU = Release|Any CPU
	EndGlobalSection
	GlobalSection(ProjectConfigurationPlatforms) = postSolution
		{4A697A58-66C5-46CE-B66B-61CD4EB6CD7D}.Debug|Any CPU.ActiveCfg = Debug|Any CPU
		{4A697A58-66C5-46CE-B66B-61CD4EB6CD7D}.Debug|Any CPU.Build.0 = Debug|Any CPU
		{4A697A58-66C5-46CE-B66B-61CD4EB6CD7D}.Release|Any CPU.ActiveCfg = Debug|Any CPU
		{4A697A58-66C5-46CE-B66B-61CD4EB6CD7D}.Release|Any CPU.Build.0 = Debug|Any CPU
		{B600A9D9-D9DA-423C-A9CC-4826EA8778DD}.Debug|Any CPU.ActiveCfg = Debug|Any CPU
		{B600A9D9-D9DA-423C-A9CC-4826EA8778DD}.Debug|Any CPU.Build.0 = Debug|Any CPU
		{B600A9D9-D9DA-423C-A9CC-4826EA8778DD}.Release|Any CPU.ActiveCfg = Release|Any CPU
		{B600A9D9-D9DA-423C-A9CC-4826EA8778DD}.Release|Any CPU.Build.0 = Release|Any CPU
		{1F083135-139B-42BA-91E9-B8D96CFD7D3E}.Debug|Any CPU.ActiveCfg = Debug|Any CPU
		{1F083135-139B-42BA-91E9-B8D96CFD7D3E}.Debug|Any CPU.Build.0 = Debug|Any CPU
		{1F083135-139B-42BA-91E9-B8D96CFD7D3E}.Release|Any CPU.ActiveCfg = Release|Any CPU
		{1F083135-139B-42BA-91E9-B8D96CFD7D3E}.Release|Any CPU.Build.0 = Release|Any CPU
		{F507E433-922C-4D65-9C98-7870D0EACA31}.Debug|Any CPU.ActiveCfg = Debug|Any CPU
		{F507E433-922C-4D65-9C98-7870D0EACA31}.Debug|Any CPU.Build.0 = Debug|Any CPU
		{F507E433-922C-4D65-9C98-7870D0EACA31}.Release|Any CPU.ActiveCfg = Release|Any CPU
		{F507E433-922C-4D65-9C98-7870D0EACA31}.Release|Any CPU.Build.0 = Release|Any CPU
		{7D71CAB5-9BDD-4657-B6D8-D50FD905E9E9}.Debug|Any CPU.ActiveCfg = Debug|Any CPU
		{7D71CAB5-9BDD-4657-B6D8-D50FD905E9E9}.Debug|Any CPU.Build.0 = Debug|Any CPU
		{7D71CAB5-9BDD-4657-B6D8-D50FD905E9E9}.Release|Any CPU.ActiveCfg = Release|Any CPU
		{7D71CAB5-9BDD-4657-B6D8-D50FD905E9E9}.Release|Any CPU.Build.0 = Release|Any CPU
		{6CA6F835-3B75-4B52-B94B-43375BF02650}.Debug|Any CPU.ActiveCfg = Debug|Any CPU
		{6CA6F835-3B75-4B52-B94B-43375BF02650}.Debug|Any CPU.Build.0 = Debug|Any CPU
		{6CA6F835-3B75-4B52-B94B-43375BF02650}.Release|Any CPU.ActiveCfg = Release|Any CPU
		{6CA6F835-3B75-4B52-B94B-43375BF02650}.Release|Any CPU.Build.0 = Release|Any CPU
		{7FEB9DD4-90FD-4A41-885A-CA79E2DDD451}.Debug|Any CPU.ActiveCfg = Debug|Any CPU
		{7FEB9DD4-90FD-4A41-885A-CA79E2DDD451}.Debug|Any CPU.Build.0 = Debug|Any CPU
		{7FEB9DD4-90FD-4A41-885A-CA79E2DDD451}.Release|Any CPU.ActiveCfg = Release|Any CPU
		{7FEB9DD4-90FD-4A41-885A-CA79E2DDD451}.Release|Any CPU.Build.0 = Release|Any CPU
		{EA18D99A-0CFF-44B9-B335-6309A1764611}.Debug|Any CPU.ActiveCfg = Debug|Any CPU
		{EA18D99A-0CFF-44B9-B335-6309A1764611}.Debug|Any CPU.Build.0 = Debug|Any CPU
		{EA18D99A-0CFF-44B9-B335-6309A1764611}.Release|Any CPU.ActiveCfg = Release|Any CPU
		{EA18D99A-0CFF-44B9-B335-6309A1764611}.Release|Any CPU.Build.0 = Release|Any CPU
		{7049074A-8D83-45D5-B5C3-FEDF7B219D34}.Debug|Any CPU.ActiveCfg = Debug|Any CPU
		{7049074A-8D83-45D5-B5C3-FEDF7B219D34}.Debug|Any CPU.Build.0 = Debug|Any CPU
		{7049074A-8D83-45D5-B5C3-FEDF7B219D34}.Release|Any CPU.ActiveCfg = Release|Any CPU
		{7049074A-8D83-45D5-B5C3-FEDF7B219D34}.Release|Any CPU.Build.0 = Release|Any CPU
	EndGlobalSection
	GlobalSection(SolutionProperties) = preSolution
		HideSolutionNode = FALSE
	EndGlobalSection
	GlobalSection(NestedProjects) = preSolution
		{3F646833-72BD-4FD8-BB25-4EAB9B4A3D86} = {5E1ECEAF-8B42-4B67-A33D-4E7BC81ABBDB}
		{96B8FFF4-D9EF-467F-955D-2B8D2E2E0CE3} = {5E1ECEAF-8B42-4B67-A33D-4E7BC81ABBDB}
		{071F8B7F-C5FE-47BF-8FAE-17E5F3FED09A} = {96B8FFF4-D9EF-467F-955D-2B8D2E2E0CE3}
		{D5B09A66-CA4B-4FB7-8668-3DC9E2624A04} = {071F8B7F-C5FE-47BF-8FAE-17E5F3FED09A}
		{FA2AC1B8-59D1-4107-8CEF-9C2233CF49DB} = {071F8B7F-C5FE-47BF-8FAE-17E5F3FED09A}
		{5F368793-E40A-4456-924A-CF4D7F66492D} = {071F8B7F-C5FE-47BF-8FAE-17E5F3FED09A}
		{C18842C8-4D4C-4A35-A262-92EB54512097} = {3F646833-72BD-4FD8-BB25-4EAB9B4A3D86}
		{40380C7E-7714-4CFC-90C5-DEB9316271F9} = {3F646833-72BD-4FD8-BB25-4EAB9B4A3D86}
		{FE64BE82-E02F-4B5C-B515-E3713251D66A} = {3F646833-72BD-4FD8-BB25-4EAB9B4A3D86}
		{D4B63FC5-C018-4AAA-915A-77FB09B4ECD3} = {3F646833-72BD-4FD8-BB25-4EAB9B4A3D86}
		{4A697A58-66C5-46CE-B66B-61CD4EB6CD7D} = {C18842C8-4D4C-4A35-A262-92EB54512097}
		{B600A9D9-D9DA-423C-A9CC-4826EA8778DD} = {C18842C8-4D4C-4A35-A262-92EB54512097}
		{1F083135-139B-42BA-91E9-B8D96CFD7D3E} = {D4B63FC5-C018-4AAA-915A-77FB09B4ECD3}
		{F507E433-922C-4D65-9C98-7870D0EACA31} = {96B8FFF4-D9EF-467F-955D-2B8D2E2E0CE3}
		{7D71CAB5-9BDD-4657-B6D8-D50FD905E9E9} = {D4B63FC5-C018-4AAA-915A-77FB09B4ECD3}
		{6CA6F835-3B75-4B52-B94B-43375BF02650} = {40380C7E-7714-4CFC-90C5-DEB9316271F9}
		{7FEB9DD4-90FD-4A41-885A-CA79E2DDD451} = {C18842C8-4D4C-4A35-A262-92EB54512097}
		{EA18D99A-0CFF-44B9-B335-6309A1764611} = {FE64BE82-E02F-4B5C-B515-E3713251D66A}
	EndGlobalSection
	GlobalSection(ExtensibilityGlobals) = postSolution
		SolutionGuid = {4F90CAB1-FE91-4CD4-B66E-D3A9E2F50AFD}
	EndGlobalSection
EndGlobal
