
Microsoft Visual Studio Solution File, Format Version 12.00
# Visual Studio Version 17
VisualStudioVersion = 17.7.34024.191
MinimumVisualStudioVersion = 10.0.40219.1
Project("{FAE04EC0-301F-11D3-BF4B-00C04F79EFBC}") = "Renovación LIS GUIs", "Renovación LIS Client\Renovación LIS GUIs.csproj", "{8EEA7210-1626-4A14-821B-147589BDB6E6}"
EndProject
Project("{FAE04EC0-301F-11D3-BF4B-00C04F79EFBC}") = "Client Runner", "..\Client\Client Runner.csproj", "{4A697A58-66C5-46CE-B66B-61CD4EB6CD7D}"
EndProject
Project("{FAE04EC0-301F-11D3-BF4B-00C04F79EFBC}") = "ConsoleApp1", "..\ConsoleApp1\ConsoleApp1.csproj", "{EA18D99A-0CFF-44B9-B335-6309A1764611}"
EndProject
Project("{FAE04EC0-301F-11D3-BF4B-00C04F79EFBC}") = "lang", "..\lang\lang.csproj", "{F507E433-922C-4D65-9C98-7870D0EACA31}"
EndProject
Project("{FAE04EC0-301F-11D3-BF4B-00C04F79EFBC}") = "enums", "..\enums\enums.csproj", "{7D71CAB5-9BDD-4657-B6D8-D50FD905E9E9}"
EndProject
Project("{2150E333-8FDC-42A3-9474-1A3956D46DE8}") = "resources", "resources", "{8871CB4B-B351-4F08-AECB-43241975C972}"
EndProject
Project("{2150E333-8FDC-42A3-9474-1A3956D46DE8}") = "songs", "songs", "{5C663C74-848B-4358-B8BE-70564A47BC0C}"
	ProjectSection(SolutionItems) = preProject
		..\resources\songs\Apprentice (Instrumental) - Friday Night Funkin vs Dave and Bambi Golden Apple OST.wav = ..\resources\songs\Apprentice (Instrumental) - Friday Night Funkin vs Dave and Bambi Golden Apple OST.wav
	EndProjectSection
EndProject
Project("{2150E333-8FDC-42A3-9474-1A3956D46DE8}") = "soundeffects", "soundeffects", "{A0A2FC62-95B0-49AE-941F-A38DEE195722}"
EndProject
Project("{FAE04EC0-301F-11D3-BF4B-00C04F79EFBC}") = "DomainStatuses", "DomainStatuses\DomainStatuses.csproj", "{0D6EB50D-9CA2-4BD9-BA8D-39E8E3F96FEF}"
EndProject
Project("{FAE04EC0-301F-11D3-BF4B-00C04F79EFBC}") = "Domain", "..\Domain\Domain.csproj", "{1F083135-139B-42BA-91E9-B8D96CFD7D3E}"
EndProject
Project("{FAE04EC0-301F-11D3-BF4B-00C04F79EFBC}") = "ServicesCallbacks", "ServicesCallbacks\ServicesCallbacks.csproj", "{69A927A8-38D9-4EF6-9E31-F13F98D74A40}"
EndProject
Global
	GlobalSection(SolutionConfigurationPlatforms) = preSolution
		Debug|Any CPU = Debug|Any CPU
		Release|Any CPU = Release|Any CPU
	EndGlobalSection
	GlobalSection(ProjectConfigurationPlatforms) = postSolution
		{8EEA7210-1626-4A14-821B-147589BDB6E6}.Debug|Any CPU.ActiveCfg = Debug|Any CPU
		{8EEA7210-1626-4A14-821B-147589BDB6E6}.Debug|Any CPU.Build.0 = Debug|Any CPU
		{8EEA7210-1626-4A14-821B-147589BDB6E6}.Release|Any CPU.ActiveCfg = Release|Any CPU
		{8EEA7210-1626-4A14-821B-147589BDB6E6}.Release|Any CPU.Build.0 = Release|Any CPU
		{4A697A58-66C5-46CE-B66B-61CD4EB6CD7D}.Debug|Any CPU.ActiveCfg = Debug|Any CPU
		{4A697A58-66C5-46CE-B66B-61CD4EB6CD7D}.Debug|Any CPU.Build.0 = Debug|Any CPU
		{4A697A58-66C5-46CE-B66B-61CD4EB6CD7D}.Release|Any CPU.ActiveCfg = Release|Any CPU
		{4A697A58-66C5-46CE-B66B-61CD4EB6CD7D}.Release|Any CPU.Build.0 = Release|Any CPU
		{EA18D99A-0CFF-44B9-B335-6309A1764611}.Debug|Any CPU.ActiveCfg = Debug|Any CPU
		{EA18D99A-0CFF-44B9-B335-6309A1764611}.Debug|Any CPU.Build.0 = Debug|Any CPU
		{EA18D99A-0CFF-44B9-B335-6309A1764611}.Release|Any CPU.ActiveCfg = Release|Any CPU
		{EA18D99A-0CFF-44B9-B335-6309A1764611}.Release|Any CPU.Build.0 = Release|Any CPU
		{F507E433-922C-4D65-9C98-7870D0EACA31}.Debug|Any CPU.ActiveCfg = Debug|Any CPU
		{F507E433-922C-4D65-9C98-7870D0EACA31}.Debug|Any CPU.Build.0 = Debug|Any CPU
		{F507E433-922C-4D65-9C98-7870D0EACA31}.Release|Any CPU.ActiveCfg = Release|Any CPU
		{F507E433-922C-4D65-9C98-7870D0EACA31}.Release|Any CPU.Build.0 = Release|Any CPU
		{7D71CAB5-9BDD-4657-B6D8-D50FD905E9E9}.Debug|Any CPU.ActiveCfg = Debug|Any CPU
		{7D71CAB5-9BDD-4657-B6D8-D50FD905E9E9}.Debug|Any CPU.Build.0 = Debug|Any CPU
		{7D71CAB5-9BDD-4657-B6D8-D50FD905E9E9}.Release|Any CPU.ActiveCfg = Release|Any CPU
		{7D71CAB5-9BDD-4657-B6D8-D50FD905E9E9}.Release|Any CPU.Build.0 = Release|Any CPU
		{0D6EB50D-9CA2-4BD9-BA8D-39E8E3F96FEF}.Debug|Any CPU.ActiveCfg = Debug|Any CPU
		{0D6EB50D-9CA2-4BD9-BA8D-39E8E3F96FEF}.Debug|Any CPU.Build.0 = Debug|Any CPU
		{0D6EB50D-9CA2-4BD9-BA8D-39E8E3F96FEF}.Release|Any CPU.ActiveCfg = Release|Any CPU
		{0D6EB50D-9CA2-4BD9-BA8D-39E8E3F96FEF}.Release|Any CPU.Build.0 = Release|Any CPU
		{1F083135-139B-42BA-91E9-B8D96CFD7D3E}.Debug|Any CPU.ActiveCfg = Debug|Any CPU
		{1F083135-139B-42BA-91E9-B8D96CFD7D3E}.Debug|Any CPU.Build.0 = Debug|Any CPU
		{1F083135-139B-42BA-91E9-B8D96CFD7D3E}.Release|Any CPU.ActiveCfg = Release|Any CPU
		{1F083135-139B-42BA-91E9-B8D96CFD7D3E}.Release|Any CPU.Build.0 = Release|Any CPU
		{69A927A8-38D9-4EF6-9E31-F13F98D74A40}.Debug|Any CPU.ActiveCfg = Debug|Any CPU
		{69A927A8-38D9-4EF6-9E31-F13F98D74A40}.Debug|Any CPU.Build.0 = Debug|Any CPU
		{69A927A8-38D9-4EF6-9E31-F13F98D74A40}.Release|Any CPU.ActiveCfg = Release|Any CPU
		{69A927A8-38D9-4EF6-9E31-F13F98D74A40}.Release|Any CPU.Build.0 = Release|Any CPU
	EndGlobalSection
	GlobalSection(SolutionProperties) = preSolution
		HideSolutionNode = FALSE
	EndGlobalSection
	GlobalSection(NestedProjects) = preSolution
		{5C663C74-848B-4358-B8BE-70564A47BC0C} = {8871CB4B-B351-4F08-AECB-43241975C972}
		{A0A2FC62-95B0-49AE-941F-A38DEE195722} = {8871CB4B-B351-4F08-AECB-43241975C972}
	EndGlobalSection
	GlobalSection(ExtensibilityGlobals) = postSolution
		SolutionGuid = {09CA7D7D-787C-4652-96FA-6AA744E3C9A5}
	EndGlobalSection
EndGlobal
